// !$*UTF8*$!
{
	archiveVersion = 1;
	classes = {
	};
	objectVersion = 56;
	objects = {

/* Begin PBXBuildFile section */
		7ABB10C829EF8CD700CF82B4 /* AppDelegate.swift in Sources */ = {isa = PBXBuildFile; fileRef = 7ABB10C729EF8CD700CF82B4 /* AppDelegate.swift */; };
		7ABB10CA29EF8CD700CF82B4 /* SceneDelegate.swift in Sources */ = {isa = PBXBuildFile; fileRef = 7ABB10C929EF8CD700CF82B4 /* SceneDelegate.swift */; };
		7ABB10CC29EF8CD700CF82B4 /* ViewController.swift in Sources */ = {isa = PBXBuildFile; fileRef = 7ABB10CB29EF8CD700CF82B4 /* ViewController.swift */; };
		7ABB10CF29EF8CD700CF82B4 /* Main.storyboard in Resources */ = {isa = PBXBuildFile; fileRef = 7ABB10CD29EF8CD700CF82B4 /* Main.storyboard */; };
		7ABB10D229EF8CD700CF82B4 /* APP_Localization.xcdatamodeld in Sources */ = {isa = PBXBuildFile; fileRef = 7ABB10D029EF8CD700CF82B4 /* APP_Localization.xcdatamodeld */; };
		7ABB10D429EF8CD900CF82B4 /* Assets.xcassets in Resources */ = {isa = PBXBuildFile; fileRef = 7ABB10D329EF8CD900CF82B4 /* Assets.xcassets */; };
		7ABB10D729EF8CD900CF82B4 /* LaunchScreen.storyboard in Resources */ = {isa = PBXBuildFile; fileRef = 7ABB10D529EF8CD900CF82B4 /* LaunchScreen.storyboard */; };
/* End PBXBuildFile section */

/* Begin PBXFileReference section */
		7ABB10C429EF8CD700CF82B4 /* APP Localization.app */ = {isa = PBXFileReference; explicitFileType = wrapper.application; includeInIndex = 0; path = "APP Localization.app"; sourceTree = BUILT_PRODUCTS_DIR; };
		7ABB10C729EF8CD700CF82B4 /* AppDelegate.swift */ = {isa = PBXFileReference; lastKnownFileType = sourcecode.swift; path = AppDelegate.swift; sourceTree = "<group>"; };
		7ABB10C929EF8CD700CF82B4 /* SceneDelegate.swift */ = {isa = PBXFileReference; lastKnownFileType = sourcecode.swift; path = SceneDelegate.swift; sourceTree = "<group>"; };
		7ABB10CB29EF8CD700CF82B4 /* ViewController.swift */ = {isa = PBXFileReference; lastKnownFileType = sourcecode.swift; path = ViewController.swift; sourceTree = "<group>"; };
		7ABB10CE29EF8CD700CF82B4 /* Base */ = {isa = PBXFileReference; lastKnownFileType = file.storyboard; name = Base; path = Base.lproj/Main.storyboard; sourceTree = "<group>"; };
		7ABB10D129EF8CD700CF82B4 /* APP_Localization.xcdatamodel */ = {isa = PBXFileReference; lastKnownFileType = wrapper.xcdatamodel; path = APP_Localization.xcdatamodel; sourceTree = "<group>"; };
		7ABB10D329EF8CD900CF82B4 /* Assets.xcassets */ = {isa = PBXFileReference; lastKnownFileType = folder.assetcatalog; path = Assets.xcassets; sourceTree = "<group>"; };
		7ABB10D629EF8CD900CF82B4 /* Base */ = {isa = PBXFileReference; lastKnownFileType = file.storyboard; name = Base; path = Base.lproj/LaunchScreen.storyboard; sourceTree = "<group>"; };
		7ABB10D829EF8CD900CF82B4 /* Info.plist */ = {isa = PBXFileReference; lastKnownFileType = text.plist.xml; path = Info.plist; sourceTree = "<group>"; };
/* End PBXFileReference section */

/* Begin PBXFrameworksBuildPhase section */
		7ABB10C129EF8CD700CF82B4 /* Frameworks */ = {
			isa = PBXFrameworksBuildPhase;
			buildActionMask = 2147483647;
			files = (
			);
			runOnlyForDeploymentPostprocessing = 0;
		};
/* End PBXFrameworksBuildPhase section */

/* Begin PBXGroup section */
		7ABB10BB29EF8CD700CF82B4 = {
			isa = PBXGroup;
			children = (
				7ABB10C629EF8CD700CF82B4 /* APP Localization */,
				7ABB10C529EF8CD700CF82B4 /* Products */,
			);
			sourceTree = "<group>";
		};
		7ABB10C529EF8CD700CF82B4 /* Products */ = {
			isa = PBXGroup;
			children = (
				7ABB10C429EF8CD700CF82B4 /* APP Localization.app */,
			);
			name = Products;
			sourceTree = "<group>";
		};
		7ABB10C629EF8CD700CF82B4 /* APP Localization */ = {
			isa = PBXGroup;
			children = (
				7ABB10C729EF8CD700CF82B4 /* AppDelegate.swift */,
				7ABB10C929EF8CD700CF82B4 /* SceneDelegate.swift */,
				7ABB10CB29EF8CD700CF82B4 /* ViewController.swift */,
				7ABB10CD29EF8CD700CF82B4 /* Main.storyboard */,
				7ABB10D329EF8CD900CF82B4 /* Assets.xcassets */,
				7ABB10D529EF8CD900CF82B4 /* LaunchScreen.storyboard */,
				7ABB10D829EF8CD900CF82B4 /* Info.plist */,
				7ABB10D029EF8CD700CF82B4 /* APP_Localization.xcdatamodeld */,
			);
			path = "APP Localization";
			sourceTree = "<group>";
		};
/* End PBXGroup section */

/* Begin PBXNativeTarget section */
		7ABB10C329EF8CD700CF82B4 /* APP Localization */ = {
			isa = PBXNativeTarget;
			buildConfigurationList = 7ABB10DB29EF8CD900CF82B4 /* Build configuration list for PBXNativeTarget "APP Localization" */;
			buildPhases = (
				7ABB10C029EF8CD700CF82B4 /* Sources */,
				7ABB10C129EF8CD700CF82B4 /* Frameworks */,
				7ABB10C229EF8CD700CF82B4 /* Resources */,
			);
			buildRules = (
			);
			dependencies = (
			);
			name = "APP Localization";
			productName = "APP Localization";
			productReference = 7ABB10C429EF8CD700CF82B4 /* APP Localization.app */;
			productType = "com.apple.product-type.application";
		};
/* End PBXNativeTarget section */

/* Begin PBXProject section */
		7ABB10BC29EF8CD700CF82B4 /* Project object */ = {
			isa = PBXProject;
			attributes = {
				BuildIndependentTargetsInParallel = 1;
				LastSwiftUpdateCheck = 1430;
				LastUpgradeCheck = 1430;
				TargetAttributes = {
					7ABB10C329EF8CD700CF82B4 = {
						CreatedOnToolsVersion = 14.3;
					};
				};
			};
			buildConfigurationList = 7ABB10BF29EF8CD700CF82B4 /* Build configuration list for PBXProject "APP Localization" */;
			compatibilityVersion = "Xcode 14.0";
			developmentRegion = en;
			hasScannedForEncodings = 0;
			knownRegions = (
				en,
				Base,
			);
			mainGroup = 7ABB10BB29EF8CD700CF82B4;
			productRefGroup = 7ABB10C529EF8CD700CF82B4 /* Products */;
			projectDirPath = "";
			projectRoot = "";
			targets = (
				7ABB10C329EF8CD700CF82B4 /* APP Localization */,
			);
		};
/* End PBXProject section */

/* Begin PBXResourcesBuildPhase section */
		7ABB10C229EF8CD700CF82B4 /* Resources */ = {
			isa = PBXResourcesBuildPhase;
			buildActionMask = 2147483647;
			files = (
				7ABB10D729EF8CD900CF82B4 /* LaunchScreen.storyboard in Resources */,
				7ABB10D429EF8CD900CF82B4 /* Assets.xcassets in Resources */,
				7ABB10CF29EF8CD700CF82B4 /* Main.storyboard in Resources */,
			);
			runOnlyForDeploymentPostprocessing = 0;
		};
/* End PBXResourcesBuildPhase section */

/* Begin PBXSourcesBuildPhase section */
		7ABB10C029EF8CD700CF82B4 /* Sources */ = {
			isa = PBXSourcesBuildPhase;
			buildActionMask = 2147483647;
			files = (
				7ABB10CC29EF8CD700CF82B4 /* ViewController.swift in Sources */,
				7ABB10C829EF8CD700CF82B4 /* AppDelegate.swift in Sources */,
				7ABB10D229EF8CD700CF82B4 /* APP_Localization.xcdatamodeld in Sources */,
				7ABB10CA29EF8CD700CF82B4 /* SceneDelegate.swift in Sources */,
			);
			runOnlyForDeploymentPostprocessing = 0;
		};
/* End PBXSourcesBuildPhase section */

/* Begin PBXVariantGroup section */
		7ABB10CD29EF8CD700CF82B4 /* Main.storyboard */ = {
			isa = PBXVariantGroup;
			children = (
				7ABB10CE29EF8CD700CF82B4 /* Base */,
			);
			name = Main.storyboard;
			sourceTree = "<group>";
		};
		7ABB10D529EF8CD900CF82B4 /* LaunchScreen.storyboard */ = {
			isa = PBXVariantGroup;
			children = (
				7ABB10D629EF8CD900CF82B4 /* Base */,
			);
			name = LaunchScreen.storyboard;
			sourceTree = "<group>";
		};
/* End PBXVariantGroup section */

/* Begin XCBuildConfiguration section */
		7ABB10D929EF8CD900CF82B4 /* Debug */ = {
			isa = XCBuildConfiguration;
			buildSettings = {
				ALWAYS_SEARCH_USER_PATHS = NO;
				CLANG_ANALYZER_NONNULL = YES;
				CLANG_ANALYZER_NUMBER_OBJECT_CONVERSION = YES_AGGRESSIVE;
				CLANG_CXX_LANGUAGE_STANDARD = "gnu++20";
				CLANG_ENABLE_MODULES = YES;
				CLANG_ENABLE_OBJC_ARC = YES;
				CLANG_ENABLE_OBJC_WEAK = YES;
				CLANG_WARN_BLOCK_CAPTURE_AUTORELEASING = YES;
				CLANG_WARN_BOOL_CONVERSION = YES;
				CLANG_WARN_COMMA = YES;
				CLANG_WARN_CONSTANT_CONVERSION = YES;
				CLANG_WARN_DEPRECATED_OBJC_IMPLEMENTATIONS = YES;
				CLANG_WARN_DIRECT_OBJC_ISA_USAGE = YES_ERROR;
				CLANG_WARN_DOCUMENTATION_COMMENTS = YES;
				CLANG_WARN_EMPTY_BODY = YES;
				CLANG_WARN_ENUM_CONVERSION = YES;
				CLANG_WARN_INFINITE_RECURSION = YES;
				CLANG_WARN_INT_CONVERSION = YES;
				CLANG_WARN_NON_LITERAL_NULL_CONVERSION = YES;
				CLANG_WARN_OBJC_IMPLICIT_RETAIN_SELF = YES;
				CLANG_WARN_OBJC_LITERAL_CONVERSION = YES;
				CLANG_WARN_OBJC_ROOT_CLASS = YES_ERROR;
				CLANG_WARN_QUOTED_INCLUDE_IN_FRAMEWORK_HEADER = YES;
				CLANG_WARN_RANGE_LOOP_ANALYSIS = YES;
				CLANG_WARN_STRICT_PROTOTYPES = YES;
				CLANG_WARN_SUSPICIOUS_MOVE = YES;
				CLANG_WARN_UNGUARDED_AVAILABILITY = YES_AGGRESSIVE;
				CLANG_WARN_UNREACHABLE_CODE = YES;
				CLANG_WARN__DUPLICATE_METHOD_MATCH = YES;
				COPY_PHASE_STRIP = NO;
				DEBUG_INFORMATION_FORMAT = dwarf;
				ENABLE_STRICT_OBJC_MSGSEND = YES;
				ENABLE_TESTABILITY = YES;
				GCC_C_LANGUAGE_STANDARD = gnu11;
				GCC_DYNAMIC_NO_PIC = NO;
				GCC_NO_COMMON_BLOCKS = YES;
				GCC_OPTIMIZATION_LEVEL = 0;
				GCC_PREPROCESSOR_DEFINITIONS = (
					"DEBUG=1",
					"$(inherited)",
				);
				GCC_WARN_64_TO_32_BIT_CONVERSION = YES;
				GCC_WARN_ABOUT_RETURN_TYPE = YES_ERROR;
				GCC_WARN_UNDECLARED_SELECTOR = YES;
				GCC_WARN_UNINITIALIZED_AUTOS = YES_AGGRESSIVE;
				GCC_WARN_UNUSED_FUNCTION = YES;
				GCC_WARN_UNUSED_VARIABLE = YES;
				IPHONEOS_DEPLOYMENT_TARGET = 16.4;
				MTL_ENABLE_DEBUG_INFO = INCLUDE_SOURCE;
				MTL_FAST_MATH = YES;
				ONLY_ACTIVE_ARCH = YES;
				SDKROOT = iphoneos;
				SWIFT_ACTIVE_COMPILATION_CONDITIONS = DEBUG;
				SWIFT_OPTIMIZATION_LEVEL = "-Onone";
			};
			name = Debug;
		};
		7ABB10DA29EF8CD900CF82B4 /* Release */ = {
			isa = XCBuildConfiguration;
			buildSettings = {
				ALWAYS_SEARCH_USER_PATHS = NO;
				CLANG_ANALYZER_NONNULL = YES;
				CLANG_ANALYZER_NUMBER_OBJECT_CONVERSION = YES_AGGRESSIVE;
				CLANG_CXX_LANGUAGE_STANDARD = "gnu++20";
				CLANG_ENABLE_MODULES = YES;
				CLANG_ENABLE_OBJC_ARC = YES;
				CLANG_ENABLE_OBJC_WEAK = YES;
				CLANG_WARN_BLOCK_CAPTURE_AUTORELEASING = YES;
				CLANG_WARN_BOOL_CONVERSION = YES;
				CLANG_WARN_COMMA = YES;
				CLANG_WARN_CONSTANT_CONVERSION = YES;
				CLANG_WARN_DEPRECATED_OBJC_IMPLEMENTATIONS = YES;
				CLANG_WARN_DIRECT_OBJC_ISA_USAGE = YES_ERROR;
				CLANG_WARN_DOCUMENTATION_COMMENTS = YES;
				CLANG_WARN_EMPTY_BODY = YES;
				CLANG_WARN_ENUM_CONVERSION = YES;
				CLANG_WARN_INFINITE_RECURSION = YES;
				CLANG_WARN_INT_CONVERSION = YES;
				CLANG_WARN_NON_LITERAL_NULL_CONVERSION = YES;
				CLANG_WARN_OBJC_IMPLICIT_RETAIN_SELF = YES;
				CLANG_WARN_OBJC_LITERAL_CONVERSION = YES;
				CLANG_WARN_OBJC_ROOT_CLASS = YES_ERROR;
				CLANG_WARN_QUOTED_INCLUDE_IN_FRAMEWORK_HEADER = YES;
				CLANG_WARN_RANGE_LOOP_ANALYSIS = YES;
				CLANG_WARN_STRICT_PROTOTYPES = YES;
				CLANG_WARN_SUSPICIOUS_MOVE = YES;
				CLANG_WARN_UNGUARDED_AVAILABILITY = YES_AGGRESSIVE;
				CLANG_WARN_UNREACHABLE_CODE = YES;
				CLANG_WARN__DUPLICATE_METHOD_MATCH = YES;
				COPY_PHASE_STRIP = NO;
				DEBUG_INFORMATION_FORMAT = "dwarf-with-dsym";
				ENABLE_NS_ASSERTIONS = NO;
				ENABLE_STRICT_OBJC_MSGSEND = YES;
				GCC_C_LANGUAGE_STANDARD = gnu11;
				GCC_NO_COMMON_BLOCKS = YES;
				GCC_WARN_64_TO_32_BIT_CONVERSION = YES;
				GCC_WARN_ABOUT_RETURN_TYPE = YES_ERROR;
				GCC_WARN_UNDECLARED_SELECTOR = YES;
				GCC_WARN_UNINITIALIZED_AUTOS = YES_AGGRESSIVE;
				GCC_WARN_UNUSED_FUNCTION = YES;
				GCC_WARN_UNUSED_VARIABLE = YES;
				IPHONEOS_DEPLOYMENT_TARGET = 16.4;
				MTL_ENABLE_DEBUG_INFO = NO;
				MTL_FAST_MATH = YES;
				SDKROOT = iphoneos;
				SWIFT_COMPILATION_MODE = wholemodule;
				SWIFT_OPTIMIZATION_LEVEL = "-O";
				VALIDATE_PRODUCT = YES;
			};
			name = Release;
		};
		7ABB10DC29EF8CD900CF82B4 /* Debug */ = {
			isa = XCBuildConfiguration;
			buildSettings = {
				ASSETCATALOG_COMPILER_APPICON_NAME = AppIcon;
				ASSETCATALOG_COMPILER_GLOBAL_ACCENT_COLOR_NAME = AccentColor;
				CODE_SIGN_STYLE = Automatic;
				CURRENT_PROJECT_VERSION = 1;
				GENERATE_INFOPLIST_FILE = YES;
				INFOPLIST_FILE = "APP Localization/Info.plist";
				INFOPLIST_KEY_UIApplicationSupportsIndirectInputEvents = YES;
				INFOPLIST_KEY_UILaunchStoryboardName = LaunchScreen;
				INFOPLIST_KEY_UIMainStoryboardFile = Main;
				INFOPLIST_KEY_UISupportedInterfaceOrientations_iPad = "UIInterfaceOrientationPortrait UIInterfaceOrientationPortraitUpsideDown UIInterfaceOrientationLandscapeLeft UIInterfaceOrientationLandscapeRight";
				INFOPLIST_KEY_UISupportedInterfaceOrientations_iPhone = "UIInterfaceOrientationPortrait UIInterfaceOrientationLandscapeLeft UIInterfaceOrientationLandscapeRight";
				LD_RUNPATH_SEARCH_PATHS = (
					"$(inherited)",
					"@executable_path/Frameworks",
				);
				MARKETING_VERSION = 1.0;
				PRODUCT_BUNDLE_IDENTIFIER = "com.rnw.APP-Localization";
				PRODUCT_NAME = "$(TARGET_NAME)";
				SWIFT_EMIT_LOC_STRINGS = YES;
				SWIFT_VERSION = 5.0;
				TARGETED_DEVICE_FAMILY = "1,2";
			};
			name = Debug;
		};
		7ABB10DD29EF8CD900CF82B4 /* Release */ = {
			isa = XCBuildConfiguration;
			buildSettings = {
				ASSETCATALOG_COMPILER_APPICON_NAME = AppIcon;
				ASSETCATALOG_COMPILER_GLOBAL_ACCENT_COLOR_NAME = AccentColor;
				CODE_SIGN_STYLE = Automatic;
				CURRENT_PROJECT_VERSION = 1;
				GENERATE_INFOPLIST_FILE = YES;
				INFOPLIST_FILE = "APP Localization/Info.plist";
				INFOPLIST_KEY_UIApplicationSupportsIndirectInputEvents = YES;
				INFOPLIST_KEY_UILaunchStoryboardName = LaunchScreen;
				INFOPLIST_KEY_UIMainStoryboardFile = Main;
				INFOPLIST_KEY_UISupportedInterfaceOrientations_iPad = "UIInterfaceOrientationPortrait UIInterfaceOrientationPortraitUpsideDown UIInterfaceOrientationLandscapeLeft UIInterfaceOrientationLandscapeRight";
				INFOPLIST_KEY_UISupportedInterfaceOrientations_iPhone = "UIInterfaceOrientationPortrait UIInterfaceOrientationLandscapeLeft UIInterfaceOrientationLandscapeRight";
				LD_RUNPATH_SEARCH_PATHS = (
					"$(inherited)",
					"@executable_path/Frameworks",
				);
				MARKETING_VERSION = 1.0;
				PRODUCT_BUNDLE_IDENTIFIER = "com.rnw.APP-Localization";
				PRODUCT_NAME = "$(TARGET_NAME)";
				SWIFT_EMIT_LOC_STRINGS = YES;
				SWIFT_VERSION = 5.0;
				TARGETED_DEVICE_FAMILY = "1,2";
			};
			name = Release;
		};
/* End XCBuildConfiguration section */

/* Begin XCConfigurationList section */
		7ABB10BF29EF8CD700CF82B4 /* Build configuration list for PBXProject "APP Localization" */ = {
			isa = XCConfigurationList;
			buildConfigurations = (
				7ABB10D929EF8CD900CF82B4 /* Debug */,
				7ABB10DA29EF8CD900CF82B4 /* Release */,
			);
			defaultConfigurationIsVisible = 0;
			defaultConfigurationName = Release;
		};
		7ABB10DB29EF8CD900CF82B4 /* Build configuration list for PBXNativeTarget "APP Localization" */ = {
			isa = XCConfigurationList;
			buildConfigurations = (
				7ABB10DC29EF8CD900CF82B4 /* Debug */,
				7ABB10DD29EF8CD900CF82B4 /* Release */,
			);
			defaultConfigurationIsVisible = 0;
			defaultConfigurationName = Release;
		};
/* End XCConfigurationList section */

/* Begin XCVersionGroup section */
		7ABB10D029EF8CD700CF82B4 /* APP_Localization.xcdatamodeld */ = {
			isa = XCVersionGroup;
			children = (
				7ABB10D129EF8CD700CF82B4 /* APP_Localization.xcdatamodel */,
			);
			currentVersion = 7ABB10D129EF8CD700CF82B4 /* APP_Localization.xcdatamodel */;
			path = APP_Localization.xcdatamodeld;
			sourceTree = "<group>";
			versionGroupType = wrapper.xcdatamodel;
		};
/* End XCVersionGroup section */
	};
	rootObject = 7ABB10BC29EF8CD700CF82B4 /* Project object */;
}
